# This file was autogenerated by Stack.
# You should not edit this file by hand.
# For more information, please see the documentation at:
#   https://docs.haskellstack.org/en/stable/lock_files

packages:
- completed:
    cabal-file:
      size: 1895
      sha256: f09fecea6d851a1be83b183f6ab52e6443f0aba713685d9f9d7de8ba5a3e1b76
    name: haskell-src
    version: 1.0.3.0
    git: https://github.com/skogsbaer/haskell-src.git
    pantry-tree:
      size: 1409
      sha256: 54c76f3aea0964758465c9eb9386e011839d13d32434de05eef60870595ed937
    commit: ab0e6f8bf004337792365cdc53dc1068eaf51eda
  original:
    git: https://github.com/skogsbaer/haskell-src.git
    commit: ab0e6f8bf004337792365cdc53dc1068eaf51eda
snapshots:
- completed:
    size: 414064
    url: https://raw.githubusercontent.com/commercialhaskell/stackage-snapshots/master/nightly/2019/11/5.yaml
    sha256: 826e8151bcfa9e182798b3dbd28bd4e0705dec723b8ac20123203b0f9c6dbd90
  original: nightly-2019-11-05
