# This file was autogenerated by Stack.
# You should not edit this file by hand.
# For more information, please see the documentation at:
#   https://docs.haskellstack.org/en/stable/lock_files

packages: []
snapshots:
- completed:
    size: 608667
    url: https://raw.githubusercontent.com/commercialhaskell/stackage-snapshots/master/nightly/2022/2/16.yaml
    sha256: 84b803d5d1e8a364b5aa65386a40650d8b2a1df97cb23d51acd82f5d790f69df
  original: nightly-2022-02-16
