# This file was autogenerated by Stack.
# You should not edit this file by hand.
# For more information, please see the documentation at:
#   https://docs.haskellstack.org/en/stable/lock_files

packages:
- completed:
    hackage: haskell-src-1.0.3.1@sha256:4f17c7a8c3989cbbe5a07facf7ee1080c7688c33fd6e8b8d8c9693a2d96726d2,1680
    pantry-tree:
      sha256: 1ad12f023a5c4c4f3053f15519355166f1a6eb05ec639d7b32f8fcd587e28bea
      size: 621
  original:
    hackage: haskell-src-1.0.3.1
snapshots:
- completed:
    sha256: 637fb77049b25560622a224845b7acfe81a09fdb6a96a3c75997a10b651667f6
    size: 534126
    url: https://raw.githubusercontent.com/commercialhaskell/stackage-snapshots/master/lts/16/31.yaml
  original: lts-16.31
