# This file was autogenerated by Stack.
# You should not edit this file by hand.
# For more information, please see the documentation at:
#   https://docs.haskellstack.org/en/stable/lock_files

packages: []
snapshots:
- completed:
    size: 564182
    url: https://raw.githubusercontent.com/commercialhaskell/stackage-snapshots/master/nightly/2021/1/26.yaml
    sha256: d4979bcf24a670e7eda67fe0a700135bfc778298d73b37bfca7a644a05959831
  original: nightly-2021-01-26
