# This file was autogenerated by Stack.
# You should not edit this file by hand.
# For more information, please see the documentation at:
#   https://docs.haskellstack.org/en/stable/lock_files

packages:
- completed:
    hackage: haskell-src-1.0.3.1@sha256:4ccc5680c692e3eb2d59d5ca57f2779ec703e9505d435a221bebebb0c25d51e1,1648
    pantry-tree:
      size: 621
      sha256: fc5d6db01daee03fe6edeb4a7beba57a66911662fcfe43667302016b0459d8d8
  original:
    hackage: haskell-src-1.0.3.1
snapshots:
- completed:
    size: 532177
    url: https://raw.githubusercontent.com/commercialhaskell/stackage-snapshots/master/lts/16/20.yaml
    sha256: 0e14ba5603f01e8496e8984fd84b545a012ca723f51a098c6c9d3694e404dc6d
  original: lts-16.20
