# This file was autogenerated by Stack.
# You should not edit this file by hand.
# For more information, please see the documentation at:
#   https://docs.haskellstack.org/en/stable/lock_files

packages:
- completed:
    hackage: haskell-src-1.0.3.0@sha256:b844cc6370195d57d9c16fe7d4cd9989325f63c034133fe7dc70b6cf13dcd9de,1873
    pantry-tree:
      size: 621
      sha256: 72461054484e887e0818d8c802cd7daab29049496a4aee56ddf38cdc51516400
  original:
    hackage: haskell-src-1.0.3.0
snapshots:
- completed:
    size: 506303
    url: https://raw.githubusercontent.com/commercialhaskell/stackage-snapshots/master/lts/12/17.yaml
    sha256: ec50e106d49dfb3a709ee9d2c744c941df9848c5559c5f2ca8ca41d4126e2554
  original: lts-12.17
